Microsoft Visual Studio Solution File, Format Version 12.00
# Visual Studio Version 17
VisualStudioVersion = 17.7.34221.43
MinimumVisualStudioVersion = 10.0.40219.1
Project("{8BC9CEB8-8B4A-11D0-8D11-00A0C91BC942}") = "godot", "godot.vcxproj", "{953cf377-e446-4a57-9cb4-67bc0ba10ca5}"
EndProject
Global
	GlobalSection(SolutionConfigurationPlatforms) = preSolution
		editor|x64 = editor|x64
		editor|x86 = editor|x86
		template_debug|x64 = template_debug|x64
		template_debug|x86 = template_debug|x86
		template_release|x64 = template_release|x64
		template_release|x86 = template_release|x86
	EndGlobalSection
	GlobalSection(ProjectConfigurationPlatforms) = postSolution
		{953cf377-e446-4a57-9cb4-67bc0ba10ca5}.editor|x64.ActiveCfg = editor|x64
		{953cf377-e446-4a57-9cb4-67bc0ba10ca5}.editor|x64.Build.0 = editor|x64
		{953cf377-e446-4a57-9cb4-67bc0ba10ca5}.editor|x86.ActiveCfg = editor|Win32
		{953cf377-e446-4a57-9cb4-67bc0ba10ca5}.editor|x86.Build.0 = editor|Win32
		{953cf377-e446-4a57-9cb4-67bc0ba10ca5}.template_debug|x64.ActiveCfg = template_debug|x64
		{953cf377-e446-4a57-9cb4-67bc0ba10ca5}.template_debug|x64.Build.0 = template_debug|x64
		{953cf377-e446-4a57-9cb4-67bc0ba10ca5}.template_debug|x86.ActiveCfg = template_debug|Win32
		{953cf377-e446-4a57-9cb4-67bc0ba10ca5}.template_debug|x86.Build.0 = template_debug|Win32
		{953cf377-e446-4a57-9cb4-67bc0ba10ca5}.template_release|x64.ActiveCfg = template_release|x64
		{953cf377-e446-4a57-9cb4-67bc0ba10ca5}.template_release|x64.Build.0 = template_release|x64
		{953cf377-e446-4a57-9cb4-67bc0ba10ca5}.template_release|x86.ActiveCfg = template_release|Win32
		{953cf377-e446-4a57-9cb4-67bc0ba10ca5}.template_release|x86.Build.0 = template_release|Win32
	EndGlobalSection
	GlobalSection(SolutionProperties) = preSolution
		HideSolutionNode = FALSE
	EndGlobalSection
	GlobalSection(ExtensibilityGlobals) = postSolution
		SolutionGuid = {f6a1a4d4-f408-4283-b841-975e4078a62e}
	EndGlobalSection
EndGlobal
